
Microsoft Visual Studio Solution File, Format Version 12.00
# Visual Studio Version 16
VisualStudioVersion = 16.0.30105.148
MinimumVisualStudioVersion = 15.0.26124.0
Project("{FAE04EC0-301F-11D3-BF4B-00C04F79EFBC}") = "PermissionAuthorization.ExampleApp", "PermissionAuthorization.ExampleApp\PermissionAuthorization.ExampleApp.csproj", "{A0CFEBD8-ED7F-44E1-A06D-EC8928639A4B}"
EndProject
Project("{FAE04EC0-301F-11D3-BF4B-00C04F79EFBC}") = "PermissionAuthorization.Tests", "PermissionAuthorization.Tests\PermissionAuthorization.Tests.csproj", "{70EEA3C6-351B-4D7B-8AB9-D218671782B0}"
EndProject
Project("{FAE04EC0-301F-11D3-BF4B-00C04F79EFBC}") = "PermissionAuthorization", "PermissionAuthorization\PermissionAuthorization.csproj", "{AEB01FB9-7773-4BE6-BD7B-4DD433437C7F}"
EndProject
Global
	GlobalSection(SolutionConfigurationPlatforms) = preSolution
		Debug|Any CPU = Debug|Any CPU
		Debug|x64 = Debug|x64
		Debug|x86 = Debug|x86
		Release|Any CPU = Release|Any CPU
		Release|x64 = Release|x64
		Release|x86 = Release|x86
	EndGlobalSection
	GlobalSection(ProjectConfigurationPlatforms) = postSolution
		{A0CFEBD8-ED7F-44E1-A06D-EC8928639A4B}.Debug|Any CPU.ActiveCfg = Debug|Any CPU
		{A0CFEBD8-ED7F-44E1-A06D-EC8928639A4B}.Debug|Any CPU.Build.0 = Debug|Any CPU
		{A0CFEBD8-ED7F-44E1-A06D-EC8928639A4B}.Debug|x64.ActiveCfg = Debug|Any CPU
		{A0CFEBD8-ED7F-44E1-A06D-EC8928639A4B}.Debug|x64.Build.0 = Debug|Any CPU
		{A0CFEBD8-ED7F-44E1-A06D-EC8928639A4B}.Debug|x86.ActiveCfg = Debug|Any CPU
		{A0CFEBD8-ED7F-44E1-A06D-EC8928639A4B}.Debug|x86.Build.0 = Debug|Any CPU
		{A0CFEBD8-ED7F-44E1-A06D-EC8928639A4B}.Release|Any CPU.ActiveCfg = Release|Any CPU
		{A0CFEBD8-ED7F-44E1-A06D-EC8928639A4B}.Release|Any CPU.Build.0 = Release|Any CPU
		{A0CFEBD8-ED7F-44E1-A06D-EC8928639A4B}.Release|x64.ActiveCfg = Release|Any CPU
		{A0CFEBD8-ED7F-44E1-A06D-EC8928639A4B}.Release|x64.Build.0 = Release|Any CPU
		{A0CFEBD8-ED7F-44E1-A06D-EC8928639A4B}.Release|x86.ActiveCfg = Release|Any CPU
		{A0CFEBD8-ED7F-44E1-A06D-EC8928639A4B}.Release|x86.Build.0 = Release|Any CPU
		{70EEA3C6-351B-4D7B-8AB9-D218671782B0}.Debug|Any CPU.ActiveCfg = Debug|Any CPU
		{70EEA3C6-351B-4D7B-8AB9-D218671782B0}.Debug|Any CPU.Build.0 = Debug|Any CPU
		{70EEA3C6-351B-4D7B-8AB9-D218671782B0}.Debug|x64.ActiveCfg = Debug|Any CPU
		{70EEA3C6-351B-4D7B-8AB9-D218671782B0}.Debug|x64.Build.0 = Debug|Any CPU
		{70EEA3C6-351B-4D7B-8AB9-D218671782B0}.Debug|x86.ActiveCfg = Debug|Any CPU
		{70EEA3C6-351B-4D7B-8AB9-D218671782B0}.Debug|x86.Build.0 = Debug|Any CPU
		{70EEA3C6-351B-4D7B-8AB9-D218671782B0}.Release|Any CPU.ActiveCfg = Release|Any CPU
		{70EEA3C6-351B-4D7B-8AB9-D218671782B0}.Release|Any CPU.Build.0 = Release|Any CPU
		{70EEA3C6-351B-4D7B-8AB9-D218671782B0}.Release|x64.ActiveCfg = Release|Any CPU
		{70EEA3C6-351B-4D7B-8AB9-D218671782B0}.Release|x64.Build.0 = Release|Any CPU
		{70EEA3C6-351B-4D7B-8AB9-D218671782B0}.Release|x86.ActiveCfg = Release|Any CPU
		{70EEA3C6-351B-4D7B-8AB9-D218671782B0}.Release|x86.Build.0 = Release|Any CPU
		{AEB01FB9-7773-4BE6-BD7B-4DD433437C7F}.Debug|Any CPU.ActiveCfg = Debug|Any CPU
		{AEB01FB9-7773-4BE6-BD7B-4DD433437C7F}.Debug|Any CPU.Build.0 = Debug|Any CPU
		{AEB01FB9-7773-4BE6-BD7B-4DD433437C7F}.Debug|x64.ActiveCfg = Debug|Any CPU
		{AEB01FB9-7773-4BE6-BD7B-4DD433437C7F}.Debug|x64.Build.0 = Debug|Any CPU
		{AEB01FB9-7773-4BE6-BD7B-4DD433437C7F}.Debug|x86.ActiveCfg = Debug|Any CPU
		{AEB01FB9-7773-4BE6-BD7B-4DD433437C7F}.Debug|x86.Build.0 = Debug|Any CPU
		{AEB01FB9-7773-4BE6-BD7B-4DD433437C7F}.Release|Any CPU.ActiveCfg = Release|Any CPU
		{AEB01FB9-7773-4BE6-BD7B-4DD433437C7F}.Release|Any CPU.Build.0 = Release|Any CPU
		{AEB01FB9-7773-4BE6-BD7B-4DD433437C7F}.Release|x64.ActiveCfg = Release|Any CPU
		{AEB01FB9-7773-4BE6-BD7B-4DD433437C7F}.Release|x64.Build.0 = Release|Any CPU
		{AEB01FB9-7773-4BE6-BD7B-4DD433437C7F}.Release|x86.ActiveCfg = Release|Any CPU
		{AEB01FB9-7773-4BE6-BD7B-4DD433437C7F}.Release|x86.Build.0 = Release|Any CPU
	EndGlobalSection
	GlobalSection(SolutionProperties) = preSolution
		HideSolutionNode = FALSE
	EndGlobalSection
	GlobalSection(ExtensibilityGlobals) = postSolution
		SolutionGuid = {2A9A4673-8BEF-4386-A3EF-48B147402EC4}
	EndGlobalSection
EndGlobal
